
Microsoft Visual Studio Solution File, Format Version 12.00
# Visual Studio Version 16
VisualStudioVersion = 16.0.31424.327
MinimumVisualStudioVersion = 10.0.40219.1
Project("{FAE04EC0-301F-11D3-BF4B-00C04F79EFBC}") = "GreenStockProvider.API", "GreenStockProvider.API\GreenStockProvider.API.csproj", "{1768918B-A48B-4EB7-9646-24D010065C42}"
EndProject
Project("{FAE04EC0-301F-11D3-BF4B-00C04F79EFBC}") = "GreenStockProvider.Models", "GreenStockProvider.Models\GreenStockProvider.Models.csproj", "{B19D84F6-6D6E-4EF0-A51D-1EE0487BF393}"
EndProject
Project("{FAE04EC0-301F-11D3-BF4B-00C04F79EFBC}") = "GreenStockProvider.Services", "GreenStockProvider.Services\GreenStockProvider.Services.csproj", "{AC3DB353-3457-4435-9E66-6584E7F19A32}"
EndProject
Global
	GlobalSection(SolutionConfigurationPlatforms) = preSolution
		Debug|Any CPU = Debug|Any CPU
		Release|Any CPU = Release|Any CPU
	EndGlobalSection
	GlobalSection(ProjectConfigurationPlatforms) = postSolution
		{1768918B-A48B-4EB7-9646-24D010065C42}.Debug|Any CPU.ActiveCfg = Debug|Any CPU
		{1768918B-A48B-4EB7-9646-24D010065C42}.Debug|Any CPU.Build.0 = Debug|Any CPU
		{1768918B-A48B-4EB7-9646-24D010065C42}.Release|Any CPU.ActiveCfg = Release|Any CPU
		{1768918B-A48B-4EB7-9646-24D010065C42}.Release|Any CPU.Build.0 = Release|Any CPU
		{B19D84F6-6D6E-4EF0-A51D-1EE0487BF393}.Debug|Any CPU.ActiveCfg = Debug|Any CPU
		{B19D84F6-6D6E-4EF0-A51D-1EE0487BF393}.Debug|Any CPU.Build.0 = Debug|Any CPU
		{B19D84F6-6D6E-4EF0-A51D-1EE0487BF393}.Release|Any CPU.ActiveCfg = Release|Any CPU
		{B19D84F6-6D6E-4EF0-A51D-1EE0487BF393}.Release|Any CPU.Build.0 = Release|Any CPU
		{AC3DB353-3457-4435-9E66-6584E7F19A32}.Debug|Any CPU.ActiveCfg = Debug|Any CPU
		{AC3DB353-3457-4435-9E66-6584E7F19A32}.Debug|Any CPU.Build.0 = Debug|Any CPU
		{AC3DB353-3457-4435-9E66-6584E7F19A32}.Release|Any CPU.ActiveCfg = Release|Any CPU
		{AC3DB353-3457-4435-9E66-6584E7F19A32}.Release|Any CPU.Build.0 = Release|Any CPU
	EndGlobalSection
	GlobalSection(SolutionProperties) = preSolution
		HideSolutionNode = FALSE
	EndGlobalSection
	GlobalSection(ExtensibilityGlobals) = postSolution
		SolutionGuid = {FE2BDC68-C649-4BAA-B074-E8C77E3E13BD}
	EndGlobalSection
EndGlobal
